
Microsoft Visual Studio Solution File, Format Version 12.00
Project("{FAE04EC0-301F-11D3-BF4B-00C04F79EFBC}") = "MathModelSimulator.Application", "src\MathModelSimulator.Application\MathModelSimulator.Application.csproj", "{B7FE29B2-DDC8-4753-8EC6-71EEB54FD62F}"
EndProject
Project("{FAE04EC0-301F-11D3-BF4B-00C04F79EFBC}") = "MathModelSimulator.Domain", "src\MathModelSimulator.Domain\MathModelSimulator.Domain\MathModelSimulator.Domain.csproj", "{45C32FB5-0A7C-4084-A026-14E2A64D2327}"
EndProject
Global
	GlobalSection(SolutionConfigurationPlatforms) = preSolution
		Debug|Any CPU = Debug|Any CPU
		Release|Any CPU = Release|Any CPU
	EndGlobalSection
	GlobalSection(ProjectConfigurationPlatforms) = postSolution
		{B7FE29B2-DDC8-4753-8EC6-71EEB54FD62F}.Debug|Any CPU.ActiveCfg = Debug|Any CPU
		{B7FE29B2-DDC8-4753-8EC6-71EEB54FD62F}.Debug|Any CPU.Build.0 = Debug|Any CPU
		{B7FE29B2-DDC8-4753-8EC6-71EEB54FD62F}.Release|Any CPU.ActiveCfg = Release|Any CPU
		{B7FE29B2-DDC8-4753-8EC6-71EEB54FD62F}.Release|Any CPU.Build.0 = Release|Any CPU
		{45C32FB5-0A7C-4084-A026-14E2A64D2327}.Debug|Any CPU.ActiveCfg = Debug|Any CPU
		{45C32FB5-0A7C-4084-A026-14E2A64D2327}.Debug|Any CPU.Build.0 = Debug|Any CPU
		{45C32FB5-0A7C-4084-A026-14E2A64D2327}.Release|Any CPU.ActiveCfg = Release|Any CPU
		{45C32FB5-0A7C-4084-A026-14E2A64D2327}.Release|Any CPU.Build.0 = Release|Any CPU
	EndGlobalSection
EndGlobal
